
Microsoft Visual Studio Solution File, Format Version 12.00
# Visual Studio Version 17
VisualStudioVersion = 17.14.37012.4 d17.14
MinimumVisualStudioVersion = 10.0.40219.1
Project("{FAE04EC0-301F-11D3-BF4B-00C04F79EFBC}") = "ERP.Models", "ERP.Models\ERP.Models.csproj", "{FFD42229-CA7A-471B-BE9B-AF9274D22D03}"
EndProject
Project("{FAE04EC0-301F-11D3-BF4B-00C04F79EFBC}") = "ERP.Interfaces", "ERP.Interfaces\ERP.Interfaces.csproj", "{9F03C74A-2579-4A9D-B79C-2206D30D4EA5}"
EndProject
Project("{FAE04EC0-301F-11D3-BF4B-00C04F79EFBC}") = "ERP.Repositories", "Repositories\ERP.Repositories.csproj", "{98B3DF28-B94B-4486-B590-402C59601EA9}"
EndProject
Project("{FAE04EC0-301F-11D3-BF4B-00C04F79EFBC}") = "ERP.Web", "Erp.Web\ERP.Web.csproj", "{C79201D2-CD52-4670-BBC3-D0136FFF67DF}"
EndProject
Global
	GlobalSection(SolutionConfigurationPlatforms) = preSolution
		Debug|Any CPU = Debug|Any CPU
		Release|Any CPU = Release|Any CPU
	EndGlobalSection
	GlobalSection(ProjectConfigurationPlatforms) = postSolution
		{FFD42229-CA7A-471B-BE9B-AF9274D22D03}.Debug|Any CPU.ActiveCfg = Debug|Any CPU
		{FFD42229-CA7A-471B-BE9B-AF9274D22D03}.Debug|Any CPU.Build.0 = Debug|Any CPU
		{FFD42229-CA7A-471B-BE9B-AF9274D22D03}.Release|Any CPU.ActiveCfg = Release|Any CPU
		{FFD42229-CA7A-471B-BE9B-AF9274D22D03}.Release|Any CPU.Build.0 = Release|Any CPU
		{9F03C74A-2579-4A9D-B79C-2206D30D4EA5}.Debug|Any CPU.ActiveCfg = Debug|Any CPU
		{9F03C74A-2579-4A9D-B79C-2206D30D4EA5}.Debug|Any CPU.Build.0 = Debug|Any CPU
		{9F03C74A-2579-4A9D-B79C-2206D30D4EA5}.Release|Any CPU.ActiveCfg = Release|Any CPU
		{9F03C74A-2579-4A9D-B79C-2206D30D4EA5}.Release|Any CPU.Build.0 = Release|Any CPU
		{98B3DF28-B94B-4486-B590-402C59601EA9}.Debug|Any CPU.ActiveCfg = Debug|Any CPU
		{98B3DF28-B94B-4486-B590-402C59601EA9}.Debug|Any CPU.Build.0 = Debug|Any CPU
		{98B3DF28-B94B-4486-B590-402C59601EA9}.Release|Any CPU.ActiveCfg = Release|Any CPU
		{98B3DF28-B94B-4486-B590-402C59601EA9}.Release|Any CPU.Build.0 = Release|Any CPU
		{C79201D2-CD52-4670-BBC3-D0136FFF67DF}.Debug|Any CPU.ActiveCfg = Debug|Any CPU
		{C79201D2-CD52-4670-BBC3-D0136FFF67DF}.Debug|Any CPU.Build.0 = Debug|Any CPU
		{C79201D2-CD52-4670-BBC3-D0136FFF67DF}.Release|Any CPU.ActiveCfg = Release|Any CPU
		{C79201D2-CD52-4670-BBC3-D0136FFF67DF}.Release|Any CPU.Build.0 = Release|Any CPU
	EndGlobalSection
	GlobalSection(SolutionProperties) = preSolution
		HideSolutionNode = FALSE
	EndGlobalSection
	GlobalSection(ExtensibilityGlobals) = postSolution
		SolutionGuid = {AB18EFBE-0475-49C5-B9AF-A6477CD1D314}
	EndGlobalSection
EndGlobal
